{
  "version": 4,
  "terraform_version": "1.0.8",
  "serial": 32,
  "lineage": "df9fab81-c42d-7b8a-c82c-f1e91fb21de3",
  "outputs": {
    "appinsights": {
      "value": "230e9227-ad35-4f4f-b157-90b05d378b19",
      "type": "string",
      "sensitive": true
    },
    "appinsights_base64": {
      "value": "MjMwZTkyMjctYWQzNS00ZjRmLWIxNTctOTBiMDVkMzc4YjE5",
      "type": "string",
      "sensitive": true
    },
    "contacts_listen_connectionstring_base64": {
      "value": "RW5kcG9pbnQ9c2I6Ly9kY2RjZDdzYm5kZXYuc2VydmljZWJ1cy53aW5kb3dzLm5ldC87U2hhcmVkQWNjZXNzS2V5TmFtZT1zY210b3BpY2xpc3RlbjtTaGFyZWRBY2Nlc3NLZXk9QXczazUzdVY0TWhPSEQxeStPQktCNjFzZmtEQWJaUkpoNHBqa0R3Y2RWZz0=",
      "type": "string",
      "sensitive": true
    },
    "contacts_listen_with_entity_connectionstring_base64": {
      "value": "RW5kcG9pbnQ9c2I6Ly9kY2RjZDdzYm5kZXYuc2VydmljZWJ1cy53aW5kb3dzLm5ldC87U2hhcmVkQWNjZXNzS2V5TmFtZT1zY210b3BpY2xpc3RlbjtTaGFyZWRBY2Nlc3NLZXk9QXczazUzdVY0TWhPSEQxeStPQktCNjFzZmtEQWJaUkpoNHBqa0R3Y2RWZz07RW50aXR5UGF0aD1zYnQtY29udGFjdHM=",
      "type": "string",
      "sensitive": true
    },
    "contacts_send_connectionstring_base64": {
      "value": "RW5kcG9pbnQ9c2I6Ly9kY2RjZDdzYm5kZXYuc2VydmljZWJ1cy53aW5kb3dzLm5ldC87U2hhcmVkQWNjZXNzS2V5TmFtZT1zY210b3BpY3NlbmQ7U2hhcmVkQWNjZXNzS2V5PTFtQVhWQVBOeDhJTzRrRElqUzJMV042SE5Lc1BqSkx4aGx3ZTNVczVDUFk9O0VudGl0eVBhdGg9c2J0LWNvbnRhY3Rz",
      "type": "string",
      "sensitive": true
    },
    "cosmos_endpoint_base64": {
      "value": "aHR0cHM6Ly9kY2RjZDdjZGFkZXYuZG9jdW1lbnRzLmF6dXJlLmNvbTo0NDMv",
      "type": "string",
      "sensitive": true
    },
    "cosmos_primary_master_key_base64": {
      "value": "aDlDV3BrTnVveEhTSmZZbXlTeUFmZUFuYVM4MWlnaFdlUVoxNXd3c1F2TUFVU1R6c082Z2ZGdHJ0bEhzUzZvOHlHY1N5bk5hczRkZXU4NnF6UWFHVGc9PQ==",
      "type": "string",
      "sensitive": true
    },
    "funcs_primary_connection_string_base64": {
      "value": "RGVmYXVsdEVuZHBvaW50c1Byb3RvY29sPWh0dHBzO0FjY291bnROYW1lPWRjZGNkN2Z1bmNzZGV2O0FjY291bnRLZXk9M2RDVlYrMk9Qblltb0RsaFhmSjI5c0ptbHRNSStrWUYrelJSMDBrNld6eEcyNUQvMmVnTEF1OENScFVBNjluSjFER0VVelJqMWdLUG1KcHBXWTlFUkE9PTtFbmRwb2ludFN1ZmZpeD1jb3JlLndpbmRvd3MubmV0",
      "type": "string",
      "sensitive": true
    },
    "resources_primary_connection_string_base64": {
      "value": "RGVmYXVsdEVuZHBvaW50c1Byb3RvY29sPWh0dHBzO0FjY291bnROYW1lPWRjZGNkN3Jlc291cmNlc2RldjtBY2NvdW50S2V5PXVUeHA0K05ObU5KMHAzNlU3L0k2c09BNjF5Z3A0SWRveXNkNmlta1VhWTNNRG5sZnF1dGxtZXhMTHY1RHRTdk10MHd6UTBJOVFVQjN6ZFM2RVZscDN3PT07RW5kcG9pbnRTdWZmaXg9Y29yZS53aW5kb3dzLm5ldA==",
      "type": "string",
      "sensitive": true
    },
    "search_name_base64": {
      "value": "ZGNkY2Q3c2VhcmNoZGV2",
      "type": "string",
      "sensitive": true
    },
    "search_primary_key_base64": {
      "value": "QUFDNkU5OEE0NDE0RTM1OERDQTYzQUQxQjFCNjk4NUY=",
      "type": "string",
      "sensitive": true
    },
    "sqldb_connectionstring_base64": {
      "value": "U2VydmVyPXRjcDpkY2RjZDdzcWxzcnZkZXYuZGF0YWJhc2Uud2luZG93cy5uZXQsMTQzMztJbml0aWFsIENhdGFsb2c9ZGNkY2Q3c3FsZGJkZXY7UGVyc2lzdCBTZWN1cml0eSBJbmZvPUZhbHNlO1VzZXIgSUQ9YWRjc3FsYWRtaW47UGFzc3dvcmQ9Q2hAbmdlTWUhMTIzITtNdWx0aXBsZUFjdGl2ZVJlc3VsdFNldHM9RmFsc2U7RW5jcnlwdD1UcnVlO1RydXN0U2VydmVyQ2VydGlmaWNhdGU9RmFsc2U7Q29ubmVjdGlvbiBUaW1lb3V0PTMwOw==",
      "type": "string",
      "sensitive": true
    },
    "textanalytics_endpoint_base64": {
      "value": "aHR0cHM6Ly93ZXN0ZXVyb3BlLmFwaS5jb2duaXRpdmUubWljcm9zb2Z0LmNvbS8=",
      "type": "string",
      "sensitive": true
    },
    "textanalytics_key_base64": {
      "value": "ZGJhN2M5YmQzYzUyNDdlNDlkNDkyYjQ5MzJlMTliYmM=",
      "type": "string",
      "sensitive": true
    },
    "thumbnail_listen_connectionstring_base64": {
      "value": "RW5kcG9pbnQ9c2I6Ly9kY2RjZDdzYm5kZXYuc2VydmljZWJ1cy53aW5kb3dzLm5ldC87U2hhcmVkQWNjZXNzS2V5TmFtZT10aHVtYm5haWxzbGlzdGVuO1NoYXJlZEFjY2Vzc0tleT1ma2plS3dRMFRDMTMzdG1IdzRiMjRNdEl0YVgxT2dwYzRza3JrS3dFcTk4PQ==",
      "type": "string",
      "sensitive": true
    },
    "thumbnail_send_connectionstring_base64": {
      "value": "RW5kcG9pbnQ9c2I6Ly9kY2RjZDdzYm5kZXYuc2VydmljZWJ1cy53aW5kb3dzLm5ldC87U2hhcmVkQWNjZXNzS2V5TmFtZT10aHVtYm5haWxzc2VuZDtTaGFyZWRBY2Nlc3NLZXk9WlJPNWVRbC94M3I4QzZoMUNkdzNSbmpXYjN4STlBM3JvalpJRUpQL0w1Zz07RW50aXR5UGF0aD1zYnEtc2NtLXRodW1ibmFpbHM=",
      "type": "string",
      "sensitive": true
    },
    "visitreports_listen_connectionstring_base64": {
      "value": "RW5kcG9pbnQ9c2I6Ly9kY2RjZDdzYm5kZXYuc2VydmljZWJ1cy53aW5kb3dzLm5ldC87U2hhcmVkQWNjZXNzS2V5TmFtZT1zY212cnRvcGljbGlzdGVuO1NoYXJlZEFjY2Vzc0tleT1UWjhzQUZEUEVyTzJjK0tXdzlVOTM1UU1uR3RRamdRbVhtRCtqcnBESXBnPQ==",
      "type": "string",
      "sensitive": true
    },
    "visitreports_send_connectionstring_base64": {
      "value": "RW5kcG9pbnQ9c2I6Ly9kY2RjZDdzYm5kZXYuc2VydmljZWJ1cy53aW5kb3dzLm5ldC87U2hhcmVkQWNjZXNzS2V5TmFtZT1zY212cnRvcGljc2VuZDtTaGFyZWRBY2Nlc3NLZXk9c2NNTVBBc0J6cjZXM2xUMThXTmRXMGdrQmNuYjhPdllPaVdBVEJ2aDN2az07RW50aXR5UGF0aD1zYnQtdmlzaXRyZXBvcnRz",
      "type": "string",
      "sensitive": true
    }
  },
  "resources": [
    {
      "mode": "managed",
      "type": "azurerm_resource_group",
      "name": "common",
      "provider": "provider[\"registry.terraform.io/hashicorp/azurerm\"]",
      "instances": [
        {
          "schema_version": 0,
          "attributes": {
            "id": "/subscriptions/c663a3ea-de42-47f4-9854-d0f76c9389c0/resourceGroups/dcdcd7-common-rg",
            "location": "westeurope",
            "name": "dcdcd7-common-rg",
            "tags": {
              "environment": "dev",
              "source": "AzureDevCollege"
            },
            "timeouts": null
          },
          "sensitive_attributes": [],
          "private": "eyJlMmJmYjczMC1lY2FhLTExZTYtOGY4OC0zNDM2M2JjN2M0YzAiOnsiY3JlYXRlIjo1NDAwMDAwMDAwMDAwLCJkZWxldGUiOjU0MDAwMDAwMDAwMDAsInJlYWQiOjMwMDAwMDAwMDAwMCwidXBkYXRlIjo1NDAwMDAwMDAwMDAwfX0="
        }
      ]
    },
    {
      "mode": "managed",
      "type": "azurerm_resource_group",
      "name": "data",
      "provider": "provider[\"registry.terraform.io/hashicorp/azurerm\"]",
      "instances": [
        {
          "schema_version": 0,
          "attributes": {
            "id": "/subscriptions/c663a3ea-de42-47f4-9854-d0f76c9389c0/resourceGroups/dcdcd7-data-rg",
            "location": "westeurope",
            "name": "dcdcd7-data-rg",
            "tags": {
              "environment": "dev",
              "source": "AzureDevCollege"
            },
            "timeouts": null
          },
          "sensitive_attributes": [],
          "private": "eyJlMmJmYjczMC1lY2FhLTExZTYtOGY4OC0zNDM2M2JjN2M0YzAiOnsiY3JlYXRlIjo1NDAwMDAwMDAwMDAwLCJkZWxldGUiOjU0MDAwMDAwMDAwMDAsInJlYWQiOjMwMDAwMDAwMDAwMCwidXBkYXRlIjo1NDAwMDAwMDAwMDAwfX0="
        }
      ]
    },
    {
      "mode": "managed",
      "type": "azurerm_resource_group",
      "name": "messaging",
      "provider": "provider[\"registry.terraform.io/hashicorp/azurerm\"]",
      "instances": [
        {
          "schema_version": 0,
          "attributes": {
            "id": "/subscriptions/c663a3ea-de42-47f4-9854-d0f76c9389c0/resourceGroups/dcdcd7-messaging-rg",
            "location": "westeurope",
            "name": "dcdcd7-messaging-rg",
            "tags": {
              "environment": "dev",
              "source": "AzureDevCollege"
            },
            "timeouts": null
          },
          "sensitive_attributes": [],
          "private": "eyJlMmJmYjczMC1lY2FhLTExZTYtOGY4OC0zNDM2M2JjN2M0YzAiOnsiY3JlYXRlIjo1NDAwMDAwMDAwMDAwLCJkZWxldGUiOjU0MDAwMDAwMDAwMDAsInJlYWQiOjMwMDAwMDAwMDAwMCwidXBkYXRlIjo1NDAwMDAwMDAwMDAwfX0="
        }
      ]
    },
    {
      "mode": "managed",
      "type": "azurerm_resource_group",
      "name": "storage",
      "provider": "provider[\"registry.terraform.io/hashicorp/azurerm\"]",
      "instances": [
        {
          "schema_version": 0,
          "attributes": {
            "id": "/subscriptions/c663a3ea-de42-47f4-9854-d0f76c9389c0/resourceGroups/dcdcd7-storage-rg",
            "location": "westeurope",
            "name": "dcdcd7-storage-rg",
            "tags": {
              "environment": "dev",
              "source": "AzureDevCollege"
            },
            "timeouts": null
          },
          "sensitive_attributes": [],
          "private": "eyJlMmJmYjczMC1lY2FhLTExZTYtOGY4OC0zNDM2M2JjN2M0YzAiOnsiY3JlYXRlIjo1NDAwMDAwMDAwMDAwLCJkZWxldGUiOjU0MDAwMDAwMDAwMDAsInJlYWQiOjMwMDAwMDAwMDAwMCwidXBkYXRlIjo1NDAwMDAwMDAwMDAwfX0="
        }
      ]
    },
    {
      "module": "module.common",
      "mode": "data",
      "type": "azurerm_client_config",
      "name": "current",
      "provider": "module.common.provider[\"registry.terraform.io/hashicorp/azurerm\"]",
      "instances": [
        {
          "schema_version": 0,
          "attributes": {
            "client_id": "04b07795-8ddb-461a-bbee-02f9e1bf7b46",
            "id": "2021-11-11 09:18:26.22630722 +0000 UTC",
            "object_id": "5af8b213-0f0e-490e-bdd7-a574276ef0d5",
            "subscription_id": "c663a3ea-de42-47f4-9854-d0f76c9389c0",
            "tenant_id": "72f988bf-86f1-41af-91ab-2d7cd011db47",
            "timeouts": null
          },
          "sensitive_attributes": []
        }
      ]
    },
    {
      "module": "module.common",
      "mode": "managed",
      "type": "azurerm_application_insights",
      "name": "appinsights",
      "provider": "module.common.provider[\"registry.terraform.io/hashicorp/azurerm\"]",
      "instances": [
        {
          "schema_version": 0,
          "attributes": {
            "app_id": "21f56a64-2c23-400e-a064-45154b8109f0",
            "application_type": "web",
            "connection_string": "InstrumentationKey=230e9227-ad35-4f4f-b157-90b05d378b19;IngestionEndpoint=https://westeurope-1.in.applicationinsights.azure.com/",
            "daily_data_cap_in_gb": 100,
            "daily_data_cap_notifications_disabled": false,
            "disable_ip_masking": false,
            "id": "/subscriptions/c663a3ea-de42-47f4-9854-d0f76c9389c0/resourceGroups/dcdcd7-common-rg/providers/microsoft.insights/components/dcdcd7aidev",
            "instrumentation_key": "230e9227-ad35-4f4f-b157-90b05d378b19",
            "location": "westeurope",
            "name": "dcdcd7aidev",
            "resource_group_name": "dcdcd7-common-rg",
            "retention_in_days": 90,
            "sampling_percentage": 100,
            "tags": {
              "environment": "dev",
              "source": "AzureDevCollege"
            },
            "timeouts": null
          },
          "sensitive_attributes": [],
          "private": "eyJlMmJmYjczMC1lY2FhLTExZTYtOGY4OC0zNDM2M2JjN2M0YzAiOnsiY3JlYXRlIjoxODAwMDAwMDAwMDAwLCJkZWxldGUiOjE4MDAwMDAwMDAwMDAsInJlYWQiOjMwMDAwMDAwMDAwMCwidXBkYXRlIjoxODAwMDAwMDAwMDAwfX0=",
          "dependencies": [
            "azurerm_resource_group.common"
          ]
        }
      ]
    },
    {
      "module": "module.data",
      "mode": "managed",
      "type": "azurerm_cognitive_account",
      "name": "textanalytics",
      "provider": "module.data.provider[\"registry.terraform.io/hashicorp/azurerm\"]",
      "instances": [
        {
          "schema_version": 0,
          "attributes": {
            "endpoint": "https://westeurope.api.cognitive.microsoft.com/",
            "id": "/subscriptions/c663a3ea-de42-47f4-9854-d0f76c9389c0/resourceGroups/dcdcd7-data-rg/providers/Microsoft.CognitiveServices/accounts/dcdcd7cognitivedev",
            "kind": "TextAnalytics",
            "location": "westeurope",
            "name": "dcdcd7cognitivedev",
            "primary_access_key": "dba7c9bd3c5247e49d492b4932e19bbc",
            "qna_runtime_endpoint": "",
            "resource_group_name": "dcdcd7-data-rg",
            "secondary_access_key": "b82801bcefd24252864c30224c9e81a5",
            "sku_name": "S",
            "tags": {
              "environment": "dev",
              "source": "AzureDevCollege"
            },
            "timeouts": null
          },
          "sensitive_attributes": [],
          "private": "eyJlMmJmYjczMC1lY2FhLTExZTYtOGY4OC0zNDM2M2JjN2M0YzAiOnsiY3JlYXRlIjoxODAwMDAwMDAwMDAwLCJkZWxldGUiOjE4MDAwMDAwMDAwMDAsInJlYWQiOjMwMDAwMDAwMDAwMCwidXBkYXRlIjoxODAwMDAwMDAwMDAwfX0=",
          "dependencies": [
            "azurerm_resource_group.data"
          ]
        }
      ]
    },
    {
      "module": "module.data",
      "mode": "managed",
      "type": "azurerm_cosmosdb_account",
      "name": "cda",
      "provider": "module.data.provider[\"registry.terraform.io/hashicorp/azurerm\"]",
      "instances": [
        {
          "schema_version": 0,
          "attributes": {
            "analytical_storage_enabled": false,
            "capabilities": [],
            "connection_strings": [
              "AccountEndpoint=https://dcdcd7cdadev.documents.azure.com:443/;AccountKey=h9CWpkNuoxHSJfYmySyAfeAnaS81ighWeQZ15wwsQvMAUSTzsO6gfFtrtlHsS6o8yGcSynNas4deu86qzQaGTg==;",
              "AccountEndpoint=https://dcdcd7cdadev.documents.azure.com:443/;AccountKey=6xsBhqOckPf8Tr4PGNXMsEYBekMli82IVdGGmMerKKe7wArvSDtIze7GklJ4wY1DdVZMjxvwebBAI90sUQ4bhg==;",
              "AccountEndpoint=https://dcdcd7cdadev.documents.azure.com:443/;AccountKey=oxiYfogbaiBpweVXyTxUKi8kAjWjNwYSecYCGtRV2kYTluGG8axXqJ3j9CUif5E7SqpG4DdwMOsDR0BIqxHR7w==;",
              "AccountEndpoint=https://dcdcd7cdadev.documents.azure.com:443/;AccountKey=LSvvnbyngf4pLAHiYBFLNr5ATWRw8L9r8sL311Zi0uFZl2IuaI6ktQflosF6sKZFfsrmofPd6RdCNkUqT1GcLg==;"
            ],
            "consistency_policy": [
              {
                "consistency_level": "Session",
                "max_interval_in_seconds": 5,
                "max_staleness_prefix": 100
              }
            ],
            "enable_automatic_failover": false,
            "enable_free_tier": false,
            "enable_multiple_write_locations": false,
            "endpoint": "https://dcdcd7cdadev.documents.azure.com:443/",
            "geo_location": [
              {
                "failover_priority": 0,
                "id": "dcdcd7cdadev-westeurope",
                "location": "westeurope",
                "prefix": "",
                "zone_redundant": false
              }
            ],
            "id": "/subscriptions/c663a3ea-de42-47f4-9854-d0f76c9389c0/resourceGroups/dcdcd7-data-rg/providers/Microsoft.DocumentDB/databaseAccounts/dcdcd7cdadev",
            "ip_range_filter": "",
            "is_virtual_network_filter_enabled": false,
            "key_vault_key_id": null,
            "kind": "GlobalDocumentDB",
            "location": "westeurope",
            "name": "dcdcd7cdadev",
            "offer_type": "Standard",
            "primary_key": "h9CWpkNuoxHSJfYmySyAfeAnaS81ighWeQZ15wwsQvMAUSTzsO6gfFtrtlHsS6o8yGcSynNas4deu86qzQaGTg==",
            "primary_master_key": "h9CWpkNuoxHSJfYmySyAfeAnaS81ighWeQZ15wwsQvMAUSTzsO6gfFtrtlHsS6o8yGcSynNas4deu86qzQaGTg==",
            "primary_readonly_key": "oxiYfogbaiBpweVXyTxUKi8kAjWjNwYSecYCGtRV2kYTluGG8axXqJ3j9CUif5E7SqpG4DdwMOsDR0BIqxHR7w==",
            "primary_readonly_master_key": "oxiYfogbaiBpweVXyTxUKi8kAjWjNwYSecYCGtRV2kYTluGG8axXqJ3j9CUif5E7SqpG4DdwMOsDR0BIqxHR7w==",
            "public_network_access_enabled": true,
            "read_endpoints": [
              "https://dcdcd7cdadev-westeurope.documents.azure.com:443/"
            ],
            "resource_group_name": "dcdcd7-data-rg",
            "secondary_key": "6xsBhqOckPf8Tr4PGNXMsEYBekMli82IVdGGmMerKKe7wArvSDtIze7GklJ4wY1DdVZMjxvwebBAI90sUQ4bhg==",
            "secondary_master_key": "6xsBhqOckPf8Tr4PGNXMsEYBekMli82IVdGGmMerKKe7wArvSDtIze7GklJ4wY1DdVZMjxvwebBAI90sUQ4bhg==",
            "secondary_readonly_key": "LSvvnbyngf4pLAHiYBFLNr5ATWRw8L9r8sL311Zi0uFZl2IuaI6ktQflosF6sKZFfsrmofPd6RdCNkUqT1GcLg==",
            "secondary_readonly_master_key": "LSvvnbyngf4pLAHiYBFLNr5ATWRw8L9r8sL311Zi0uFZl2IuaI6ktQflosF6sKZFfsrmofPd6RdCNkUqT1GcLg==",
            "tags": {
              "environment": "dev",
              "source": "AzureDevCollege"
            },
            "timeouts": null,
            "virtual_network_rule": [],
            "write_endpoints": [
              "https://dcdcd7cdadev-westeurope.documents.azure.com:443/"
            ]
          },
          "sensitive_attributes": [],
          "private": "eyJlMmJmYjczMC1lY2FhLTExZTYtOGY4OC0zNDM2M2JjN2M0YzAiOnsiY3JlYXRlIjoxMDgwMDAwMDAwMDAwMCwiZGVsZXRlIjoxMDgwMDAwMDAwMDAwMCwicmVhZCI6MzAwMDAwMDAwMDAwLCJ1cGRhdGUiOjEwODAwMDAwMDAwMDAwfX0=",
          "dependencies": [
            "azurerm_resource_group.data"
          ]
        }
      ]
    },
    {
      "module": "module.data",
      "mode": "managed",
      "type": "azurerm_cosmosdb_sql_container",
      "name": "cda_database_container",
      "provider": "module.data.provider[\"registry.terraform.io/hashicorp/azurerm\"]",
      "instances": [
        {
          "schema_version": 1,
          "attributes": {
            "account_name": "dcdcd7cdadev",
            "autoscale_settings": [],
            "database_name": "scmvisitreports",
            "default_ttl": null,
            "id": "/subscriptions/c663a3ea-de42-47f4-9854-d0f76c9389c0/resourceGroups/dcdcd7-data-rg/providers/Microsoft.DocumentDB/databaseAccounts/dcdcd7cdadev/sqlDatabases/scmvisitreports/containers/visitreports",
            "indexing_policy": [
              {
                "composite_index": [],
                "excluded_path": [],
                "included_path": [
                  {
                    "path": "/*"
                  }
                ],
                "indexing_mode": "consistent"
              }
            ],
            "name": "visitreports",
            "partition_key_path": "/type",
            "partition_key_version": null,
            "resource_group_name": "dcdcd7-data-rg",
            "throughput": 0,
            "timeouts": null,
            "unique_key": []
          },
          "sensitive_attributes": [],
          "private": "eyJlMmJmYjczMC1lY2FhLTExZTYtOGY4OC0zNDM2M2JjN2M0YzAiOnsiY3JlYXRlIjoxODAwMDAwMDAwMDAwLCJkZWxldGUiOjE4MDAwMDAwMDAwMDAsInJlYWQiOjMwMDAwMDAwMDAwMCwidXBkYXRlIjoxODAwMDAwMDAwMDAwfSwic2NoZW1hX3ZlcnNpb24iOiIxIn0=",
          "dependencies": [
            "module.data.azurerm_cosmosdb_account.cda",
            "module.data.azurerm_cosmosdb_sql_database.cda_database",
            "azurerm_resource_group.data"
          ]
        }
      ]
    },
    {
      "module": "module.data",
      "mode": "managed",
      "type": "azurerm_cosmosdb_sql_database",
      "name": "cda_database",
      "provider": "module.data.provider[\"registry.terraform.io/hashicorp/azurerm\"]",
      "instances": [
        {
          "schema_version": 1,
          "attributes": {
            "account_name": "dcdcd7cdadev",
            "autoscale_settings": [],
            "id": "/subscriptions/c663a3ea-de42-47f4-9854-d0f76c9389c0/resourceGroups/dcdcd7-data-rg/providers/Microsoft.DocumentDB/databaseAccounts/dcdcd7cdadev/sqlDatabases/scmvisitreports",
            "name": "scmvisitreports",
            "resource_group_name": "dcdcd7-data-rg",
            "throughput": 400,
            "timeouts": null
          },
          "sensitive_attributes": [],
          "private": "eyJlMmJmYjczMC1lY2FhLTExZTYtOGY4OC0zNDM2M2JjN2M0YzAiOnsiY3JlYXRlIjoxODAwMDAwMDAwMDAwLCJkZWxldGUiOjE4MDAwMDAwMDAwMDAsInJlYWQiOjMwMDAwMDAwMDAwMCwidXBkYXRlIjoxODAwMDAwMDAwMDAwfSwic2NoZW1hX3ZlcnNpb24iOiIxIn0=",
          "dependencies": [
            "module.data.azurerm_cosmosdb_account.cda",
            "azurerm_resource_group.data"
          ]
        }
      ]
    },
    {
      "module": "module.data",
      "mode": "managed",
      "type": "azurerm_search_service",
      "name": "search",
      "provider": "module.data.provider[\"registry.terraform.io/hashicorp/azurerm\"]",
      "instances": [
        {
          "schema_version": 0,
          "attributes": {
            "allowed_ips": [],
            "id": "/subscriptions/c663a3ea-de42-47f4-9854-d0f76c9389c0/resourceGroups/dcdcd7-data-rg/providers/Microsoft.Search/searchServices/dcdcd7searchdev",
            "identity": [],
            "location": "westeurope",
            "name": "dcdcd7searchdev",
            "partition_count": 1,
            "primary_key": "AAC6E98A4414E358DCA63AD1B1B6985F",
            "public_network_access_enabled": true,
            "query_keys": [
              {
                "key": "41395E796E9EAEFEDE68E95A05BD3FCF",
                "name": ""
              }
            ],
            "replica_count": 1,
            "resource_group_name": "dcdcd7-data-rg",
            "secondary_key": "ABA91F494F15A9991A68EC9947CEA7D3",
            "sku": "standard",
            "tags": {
              "environment": "dev",
              "source": "AzureDevCollege"
            },
            "timeouts": null
          },
          "sensitive_attributes": [],
          "private": "eyJlMmJmYjczMC1lY2FhLTExZTYtOGY4OC0zNDM2M2JjN2M0YzAiOnsiY3JlYXRlIjoxODAwMDAwMDAwMDAwLCJkZWxldGUiOjE4MDAwMDAwMDAwMDAsInJlYWQiOjMwMDAwMDAwMDAwMCwidXBkYXRlIjoxODAwMDAwMDAwMDAwfX0=",
          "dependencies": [
            "azurerm_resource_group.data"
          ]
        }
      ]
    },
    {
      "module": "module.data",
      "mode": "managed",
      "type": "azurerm_sql_database",
      "name": "sqldb",
      "provider": "module.data.provider[\"registry.terraform.io/hashicorp/azurerm\"]",
      "instances": [
        {
          "schema_version": 0,
          "attributes": {
            "collation": "SQL_Latin1_General_CP1_CI_AS",
            "create_mode": "Default",
            "creation_date": "2021-10-08T09:01:05.963Z",
            "default_secondary_location": "North Europe",
            "edition": "Standard",
            "elastic_pool_name": "",
            "encryption": "",
            "extended_auditing_policy": [],
            "id": "/subscriptions/c663a3ea-de42-47f4-9854-d0f76c9389c0/resourceGroups/dcdcd7-data-rg/providers/Microsoft.Sql/servers/dcdcd7sqlsrvdev/databases/dcdcd7sqldbdev",
            "import": [],
            "location": "westeurope",
            "max_size_bytes": "268435456000",
            "max_size_gb": null,
            "name": "dcdcd7sqldbdev",
            "read_scale": false,
            "requested_service_objective_id": "f1173c43-91bd-4aaa-973c-54e79e15235b",
            "requested_service_objective_name": "S0",
            "resource_group_name": "dcdcd7-data-rg",
            "restore_point_in_time": null,
            "server_name": "dcdcd7sqlsrvdev",
            "source_database_deletion_date": null,
            "source_database_id": null,
            "tags": {
              "environment": "dev",
              "source": "AzureDevCollege"
            },
            "threat_detection_policy": [
              {
                "disabled_alerts": [],
                "email_account_admins": "Disabled",
                "email_addresses": [],
                "retention_days": 0,
                "state": "Disabled",
                "storage_account_access_key": "",
                "storage_endpoint": "",
                "use_server_default": "Disabled"
              }
            ],
            "timeouts": null,
            "zone_redundant": false
          },
          "sensitive_attributes": [],
          "private": "eyJlMmJmYjczMC1lY2FhLTExZTYtOGY4OC0zNDM2M2JjN2M0YzAiOnsiY3JlYXRlIjozNjAwMDAwMDAwMDAwLCJkZWxldGUiOjM2MDAwMDAwMDAwMDAsInJlYWQiOjMwMDAwMDAwMDAwMCwidXBkYXRlIjozNjAwMDAwMDAwMDAwfX0=",
          "dependencies": [
            "azurerm_resource_group.data",
            "module.data.azurerm_sql_server.sqlsrv"
          ]
        }
      ]
    },
    {
      "module": "module.data",
      "mode": "managed",
      "type": "azurerm_sql_firewall_rule",
      "name": "sqldb",
      "provider": "module.data.provider[\"registry.terraform.io/hashicorp/azurerm\"]",
      "instances": [
        {
          "schema_version": 0,
          "attributes": {
            "end_ip_address": "0.0.0.0",
            "id": "/subscriptions/c663a3ea-de42-47f4-9854-d0f76c9389c0/resourceGroups/dcdcd7-data-rg/providers/Microsoft.Sql/servers/dcdcd7sqlsrvdev/firewallRules/FirewallRule1",
            "name": "FirewallRule1",
            "resource_group_name": "dcdcd7-data-rg",
            "server_name": "dcdcd7sqlsrvdev",
            "start_ip_address": "0.0.0.0",
            "timeouts": null
          },
          "sensitive_attributes": [],
          "private": "eyJlMmJmYjczMC1lY2FhLTExZTYtOGY4OC0zNDM2M2JjN2M0YzAiOnsiY3JlYXRlIjoxODAwMDAwMDAwMDAwLCJkZWxldGUiOjE4MDAwMDAwMDAwMDAsInJlYWQiOjMwMDAwMDAwMDAwMCwidXBkYXRlIjoxODAwMDAwMDAwMDAwfX0=",
          "dependencies": [
            "azurerm_resource_group.data",
            "module.data.azurerm_sql_server.sqlsrv"
          ]
        }
      ]
    },
    {
      "module": "module.data",
      "mode": "managed",
      "type": "azurerm_sql_server",
      "name": "sqlsrv",
      "provider": "module.data.provider[\"registry.terraform.io/hashicorp/azurerm\"]",
      "instances": [
        {
          "schema_version": 0,
          "attributes": {
            "administrator_login": "adcsqladmin",
            "administrator_login_password": "Ch@ngeMe!123!",
            "connection_policy": "Default",
            "extended_auditing_policy": [],
            "fully_qualified_domain_name": "dcdcd7sqlsrvdev.database.windows.net",
            "id": "/subscriptions/c663a3ea-de42-47f4-9854-d0f76c9389c0/resourceGroups/dcdcd7-data-rg/providers/Microsoft.Sql/servers/dcdcd7sqlsrvdev",
            "identity": [],
            "location": "westeurope",
            "name": "dcdcd7sqlsrvdev",
            "resource_group_name": "dcdcd7-data-rg",
            "tags": {
              "environment": "dev",
              "source": "AzureDevCollege"
            },
            "timeouts": null,
            "version": "12.0"
          },
          "sensitive_attributes": [],
          "private": "eyJlMmJmYjczMC1lY2FhLTExZTYtOGY4OC0zNDM2M2JjN2M0YzAiOnsiY3JlYXRlIjozNjAwMDAwMDAwMDAwLCJkZWxldGUiOjM2MDAwMDAwMDAwMDAsInJlYWQiOjMwMDAwMDAwMDAwMCwidXBkYXRlIjozNjAwMDAwMDAwMDAwfX0=",
          "dependencies": [
            "azurerm_resource_group.data"
          ]
        }
      ]
    },
    {
      "module": "module.messaging",
      "mode": "managed",
      "type": "azurerm_servicebus_namespace",
      "name": "sbn",
      "provider": "module.messaging.provider[\"registry.terraform.io/hashicorp/azurerm\"]",
      "instances": [
        {
          "schema_version": 1,
          "attributes": {
            "capacity": 0,
            "default_primary_connection_string": "Endpoint=sb://dcdcd7sbndev.servicebus.windows.net/;SharedAccessKeyName=RootManageSharedAccessKey;SharedAccessKey=hg7ZEWdZkUqILuUnC5ne4Rc/3VuqR+kkfnjoiQBZjvY=",
            "default_primary_key": "hg7ZEWdZkUqILuUnC5ne4Rc/3VuqR+kkfnjoiQBZjvY=",
            "default_secondary_connection_string": "Endpoint=sb://dcdcd7sbndev.servicebus.windows.net/;SharedAccessKeyName=RootManageSharedAccessKey;SharedAccessKey=7Xph89kBbxp/NX5/sXuin3VaNfmnLDNFzbmoAG05s4k=",
            "default_secondary_key": "7Xph89kBbxp/NX5/sXuin3VaNfmnLDNFzbmoAG05s4k=",
            "id": "/subscriptions/c663a3ea-de42-47f4-9854-d0f76c9389c0/resourceGroups/dcdcd7-messaging-rg/providers/Microsoft.ServiceBus/namespaces/dcdcd7sbndev",
            "location": "westeurope",
            "name": "dcdcd7sbndev",
            "resource_group_name": "dcdcd7-messaging-rg",
            "sku": "standard",
            "tags": {
              "environment": "dev",
              "source": "AzureDevCollege"
            },
            "timeouts": null,
            "zone_redundant": false
          },
          "sensitive_attributes": [],
          "private": "eyJlMmJmYjczMC1lY2FhLTExZTYtOGY4OC0zNDM2M2JjN2M0YzAiOnsiY3JlYXRlIjoxODAwMDAwMDAwMDAwLCJkZWxldGUiOjE4MDAwMDAwMDAwMDAsInJlYWQiOjMwMDAwMDAwMDAwMCwidXBkYXRlIjoxODAwMDAwMDAwMDAwfSwic2NoZW1hX3ZlcnNpb24iOiIxIn0=",
          "dependencies": [
            "azurerm_resource_group.messaging"
          ]
        }
      ]
    },
    {
      "module": "module.messaging",
      "mode": "managed",
      "type": "azurerm_servicebus_queue",
      "name": "queue_thumbnails",
      "provider": "module.messaging.provider[\"registry.terraform.io/hashicorp/azurerm\"]",
      "instances": [
        {
          "schema_version": 0,
          "attributes": {
            "auto_delete_on_idle": "P10675199DT2H48M5.4775807S",
            "dead_lettering_on_message_expiration": false,
            "default_message_ttl": "P10675199DT2H48M5.4775807S",
            "duplicate_detection_history_time_window": "PT10M",
            "enable_batched_operations": true,
            "enable_express": false,
            "enable_partitioning": false,
            "forward_dead_lettered_messages_to": "",
            "forward_to": "",
            "id": "/subscriptions/c663a3ea-de42-47f4-9854-d0f76c9389c0/resourceGroups/dcdcd7-messaging-rg/providers/Microsoft.ServiceBus/namespaces/dcdcd7sbndev/queues/sbq-scm-thumbnails",
            "lock_duration": "PT1M",
            "max_delivery_count": 10,
            "max_size_in_megabytes": 5120,
            "name": "sbq-scm-thumbnails",
            "namespace_name": "dcdcd7sbndev",
            "requires_duplicate_detection": false,
            "requires_session": false,
            "resource_group_name": "dcdcd7-messaging-rg",
            "status": "Active",
            "timeouts": null
          },
          "sensitive_attributes": [],
          "private": "eyJlMmJmYjczMC1lY2FhLTExZTYtOGY4OC0zNDM2M2JjN2M0YzAiOnsiY3JlYXRlIjoxODAwMDAwMDAwMDAwLCJkZWxldGUiOjE4MDAwMDAwMDAwMDAsInJlYWQiOjMwMDAwMDAwMDAwMCwidXBkYXRlIjoxODAwMDAwMDAwMDAwfX0=",
          "dependencies": [
            "module.messaging.azurerm_servicebus_namespace.sbn",
            "azurerm_resource_group.messaging"
          ]
        }
      ]
    },
    {
      "module": "module.messaging",
      "mode": "managed",
      "type": "azurerm_servicebus_queue_authorization_rule",
      "name": "queue_thumbnails_listen",
      "provider": "module.messaging.provider[\"registry.terraform.io/hashicorp/azurerm\"]",
      "instances": [
        {
          "schema_version": 0,
          "attributes": {
            "id": "/subscriptions/c663a3ea-de42-47f4-9854-d0f76c9389c0/resourceGroups/dcdcd7-messaging-rg/providers/Microsoft.ServiceBus/namespaces/dcdcd7sbndev/queues/sbq-scm-thumbnails/authorizationRules/thumbnailslisten",
            "listen": true,
            "manage": false,
            "name": "thumbnailslisten",
            "namespace_name": "dcdcd7sbndev",
            "primary_connection_string": "Endpoint=sb://dcdcd7sbndev.servicebus.windows.net/;SharedAccessKeyName=thumbnailslisten;SharedAccessKey=fkjeKwQ0TC133tmHw4b24MtItaX1Ogpc4skrkKwEq98=;EntityPath=sbq-scm-thumbnails",
            "primary_key": "fkjeKwQ0TC133tmHw4b24MtItaX1Ogpc4skrkKwEq98=",
            "queue_name": "sbq-scm-thumbnails",
            "resource_group_name": "dcdcd7-messaging-rg",
            "secondary_connection_string": "Endpoint=sb://dcdcd7sbndev.servicebus.windows.net/;SharedAccessKeyName=thumbnailslisten;SharedAccessKey=MUb9JyC7r+Fn2fXwIyEEpvOXa7GDRhv7YG/+N8DvosI=;EntityPath=sbq-scm-thumbnails",
            "secondary_key": "MUb9JyC7r+Fn2fXwIyEEpvOXa7GDRhv7YG/+N8DvosI=",
            "send": false,
            "timeouts": null
          },
          "sensitive_attributes": [],
          "private": "eyJlMmJmYjczMC1lY2FhLTExZTYtOGY4OC0zNDM2M2JjN2M0YzAiOnsiY3JlYXRlIjoxODAwMDAwMDAwMDAwLCJkZWxldGUiOjE4MDAwMDAwMDAwMDAsInJlYWQiOjMwMDAwMDAwMDAwMCwidXBkYXRlIjoxODAwMDAwMDAwMDAwfX0=",
          "dependencies": [
            "module.messaging.azurerm_servicebus_queue.queue_thumbnails",
            "azurerm_resource_group.messaging",
            "module.messaging.azurerm_servicebus_namespace.sbn"
          ]
        }
      ]
    },
    {
      "module": "module.messaging",
      "mode": "managed",
      "type": "azurerm_servicebus_queue_authorization_rule",
      "name": "queue_thumbnails_send",
      "provider": "module.messaging.provider[\"registry.terraform.io/hashicorp/azurerm\"]",
      "instances": [
        {
          "schema_version": 0,
          "attributes": {
            "id": "/subscriptions/c663a3ea-de42-47f4-9854-d0f76c9389c0/resourceGroups/dcdcd7-messaging-rg/providers/Microsoft.ServiceBus/namespaces/dcdcd7sbndev/queues/sbq-scm-thumbnails/authorizationRules/thumbnailssend",
            "listen": false,
            "manage": false,
            "name": "thumbnailssend",
            "namespace_name": "dcdcd7sbndev",
            "primary_connection_string": "Endpoint=sb://dcdcd7sbndev.servicebus.windows.net/;SharedAccessKeyName=thumbnailssend;SharedAccessKey=ZRO5eQl/x3r8C6h1Cdw3RnjWb3xI9A3rojZIEJP/L5g=;EntityPath=sbq-scm-thumbnails",
            "primary_key": "ZRO5eQl/x3r8C6h1Cdw3RnjWb3xI9A3rojZIEJP/L5g=",
            "queue_name": "sbq-scm-thumbnails",
            "resource_group_name": "dcdcd7-messaging-rg",
            "secondary_connection_string": "Endpoint=sb://dcdcd7sbndev.servicebus.windows.net/;SharedAccessKeyName=thumbnailssend;SharedAccessKey=QBP3IGajSO6Wjc3ndKNVAIS1WIs6bG1qnorkwVeF6Qo=;EntityPath=sbq-scm-thumbnails",
            "secondary_key": "QBP3IGajSO6Wjc3ndKNVAIS1WIs6bG1qnorkwVeF6Qo=",
            "send": true,
            "timeouts": null
          },
          "sensitive_attributes": [],
          "private": "eyJlMmJmYjczMC1lY2FhLTExZTYtOGY4OC0zNDM2M2JjN2M0YzAiOnsiY3JlYXRlIjoxODAwMDAwMDAwMDAwLCJkZWxldGUiOjE4MDAwMDAwMDAwMDAsInJlYWQiOjMwMDAwMDAwMDAwMCwidXBkYXRlIjoxODAwMDAwMDAwMDAwfX0=",
          "dependencies": [
            "azurerm_resource_group.messaging",
            "module.messaging.azurerm_servicebus_namespace.sbn",
            "module.messaging.azurerm_servicebus_queue.queue_thumbnails"
          ]
        }
      ]
    },
    {
      "module": "module.messaging",
      "mode": "managed",
      "type": "azurerm_servicebus_subscription",
      "name": "contacts_search",
      "provider": "module.messaging.provider[\"registry.terraform.io/hashicorp/azurerm\"]",
      "instances": [
        {
          "schema_version": 0,
          "attributes": {
            "auto_delete_on_idle": "P10675199DT2H48M5.4775807S",
            "dead_lettering_on_filter_evaluation_error": true,
            "dead_lettering_on_message_expiration": false,
            "default_message_ttl": "P10675199DT2H48M5.4775807S",
            "enable_batched_operations": false,
            "forward_dead_lettered_messages_to": "",
            "forward_to": "",
            "id": "/subscriptions/c663a3ea-de42-47f4-9854-d0f76c9389c0/resourceGroups/dcdcd7-messaging-rg/providers/Microsoft.ServiceBus/namespaces/dcdcd7sbndev/topics/sbt-contacts/subscriptions/contactsearch",
            "lock_duration": "PT1M",
            "max_delivery_count": 10,
            "name": "contactsearch",
            "namespace_name": "dcdcd7sbndev",
            "requires_session": true,
            "resource_group_name": "dcdcd7-messaging-rg",
            "status": "Active",
            "timeouts": null,
            "topic_name": "sbt-contacts"
          },
          "sensitive_attributes": [],
          "private": "eyJlMmJmYjczMC1lY2FhLTExZTYtOGY4OC0zNDM2M2JjN2M0YzAiOnsiY3JlYXRlIjoxODAwMDAwMDAwMDAwLCJkZWxldGUiOjE4MDAwMDAwMDAwMDAsInJlYWQiOjMwMDAwMDAwMDAwMCwidXBkYXRlIjoxODAwMDAwMDAwMDAwfX0=",
          "dependencies": [
            "azurerm_resource_group.messaging",
            "module.messaging.azurerm_servicebus_namespace.sbn",
            "module.messaging.azurerm_servicebus_topic.contacts"
          ]
        }
      ]
    },
    {
      "module": "module.messaging",
      "mode": "managed",
      "type": "azurerm_servicebus_subscription",
      "name": "contacts_visitreport",
      "provider": "module.messaging.provider[\"registry.terraform.io/hashicorp/azurerm\"]",
      "instances": [
        {
          "schema_version": 0,
          "attributes": {
            "auto_delete_on_idle": "P10675199DT2H48M5.4775807S",
            "dead_lettering_on_filter_evaluation_error": true,
            "dead_lettering_on_message_expiration": false,
            "default_message_ttl": "P10675199DT2H48M5.4775807S",
            "enable_batched_operations": false,
            "forward_dead_lettered_messages_to": "",
            "forward_to": "",
            "id": "/subscriptions/c663a3ea-de42-47f4-9854-d0f76c9389c0/resourceGroups/dcdcd7-messaging-rg/providers/Microsoft.ServiceBus/namespaces/dcdcd7sbndev/topics/sbt-contacts/subscriptions/visitreports",
            "lock_duration": "PT1M",
            "max_delivery_count": 10,
            "name": "visitreports",
            "namespace_name": "dcdcd7sbndev",
            "requires_session": false,
            "resource_group_name": "dcdcd7-messaging-rg",
            "status": "Active",
            "timeouts": null,
            "topic_name": "sbt-contacts"
          },
          "sensitive_attributes": [],
          "private": "eyJlMmJmYjczMC1lY2FhLTExZTYtOGY4OC0zNDM2M2JjN2M0YzAiOnsiY3JlYXRlIjoxODAwMDAwMDAwMDAwLCJkZWxldGUiOjE4MDAwMDAwMDAwMDAsInJlYWQiOjMwMDAwMDAwMDAwMCwidXBkYXRlIjoxODAwMDAwMDAwMDAwfX0=",
          "dependencies": [
            "azurerm_resource_group.messaging",
            "module.messaging.azurerm_servicebus_namespace.sbn",
            "module.messaging.azurerm_servicebus_topic.contacts"
          ]
        }
      ]
    },
    {
      "module": "module.messaging",
      "mode": "managed",
      "type": "azurerm_servicebus_subscription",
      "name": "visitreports_textanalytics",
      "provider": "module.messaging.provider[\"registry.terraform.io/hashicorp/azurerm\"]",
      "instances": [
        {
          "schema_version": 0,
          "attributes": {
            "auto_delete_on_idle": "P10675199DT2H48M5.4775807S",
            "dead_lettering_on_filter_evaluation_error": true,
            "dead_lettering_on_message_expiration": false,
            "default_message_ttl": "P10675199DT2H48M5.4775807S",
            "enable_batched_operations": false,
            "forward_dead_lettered_messages_to": "",
            "forward_to": "",
            "id": "/subscriptions/c663a3ea-de42-47f4-9854-d0f76c9389c0/resourceGroups/dcdcd7-messaging-rg/providers/Microsoft.ServiceBus/namespaces/dcdcd7sbndev/topics/sbt-visitreports/subscriptions/textanalytics",
            "lock_duration": "PT1M",
            "max_delivery_count": 10,
            "name": "textanalytics",
            "namespace_name": "dcdcd7sbndev",
            "requires_session": false,
            "resource_group_name": "dcdcd7-messaging-rg",
            "status": "Active",
            "timeouts": null,
            "topic_name": "sbt-visitreports"
          },
          "sensitive_attributes": [],
          "private": "eyJlMmJmYjczMC1lY2FhLTExZTYtOGY4OC0zNDM2M2JjN2M0YzAiOnsiY3JlYXRlIjoxODAwMDAwMDAwMDAwLCJkZWxldGUiOjE4MDAwMDAwMDAwMDAsInJlYWQiOjMwMDAwMDAwMDAwMCwidXBkYXRlIjoxODAwMDAwMDAwMDAwfX0=",
          "dependencies": [
            "azurerm_resource_group.messaging",
            "module.messaging.azurerm_servicebus_namespace.sbn",
            "module.messaging.azurerm_servicebus_topic.visitreports"
          ]
        }
      ]
    },
    {
      "module": "module.messaging",
      "mode": "managed",
      "type": "azurerm_servicebus_topic",
      "name": "contacts",
      "provider": "module.messaging.provider[\"registry.terraform.io/hashicorp/azurerm\"]",
      "instances": [
        {
          "schema_version": 0,
          "attributes": {
            "auto_delete_on_idle": "P10675199DT2H48M5.4775807S",
            "default_message_ttl": "P10675199DT2H48M5.4775807S",
            "duplicate_detection_history_time_window": "PT10M",
            "enable_batched_operations": false,
            "enable_express": false,
            "enable_partitioning": false,
            "id": "/subscriptions/c663a3ea-de42-47f4-9854-d0f76c9389c0/resourceGroups/dcdcd7-messaging-rg/providers/Microsoft.ServiceBus/namespaces/dcdcd7sbndev/topics/sbt-contacts",
            "max_size_in_megabytes": 5120,
            "name": "sbt-contacts",
            "namespace_name": "dcdcd7sbndev",
            "requires_duplicate_detection": false,
            "resource_group_name": "dcdcd7-messaging-rg",
            "status": "Active",
            "support_ordering": false,
            "timeouts": null
          },
          "sensitive_attributes": [],
          "private": "eyJlMmJmYjczMC1lY2FhLTExZTYtOGY4OC0zNDM2M2JjN2M0YzAiOnsiY3JlYXRlIjoxODAwMDAwMDAwMDAwLCJkZWxldGUiOjE4MDAwMDAwMDAwMDAsInJlYWQiOjMwMDAwMDAwMDAwMCwidXBkYXRlIjoxODAwMDAwMDAwMDAwfX0=",
          "dependencies": [
            "azurerm_resource_group.messaging",
            "module.messaging.azurerm_servicebus_namespace.sbn"
          ]
        }
      ]
    },
    {
      "module": "module.messaging",
      "mode": "managed",
      "type": "azurerm_servicebus_topic",
      "name": "visitreports",
      "provider": "module.messaging.provider[\"registry.terraform.io/hashicorp/azurerm\"]",
      "instances": [
        {
          "schema_version": 0,
          "attributes": {
            "auto_delete_on_idle": "P10675199DT2H48M5.4775807S",
            "default_message_ttl": "P10675199DT2H48M5.4775807S",
            "duplicate_detection_history_time_window": "PT10M",
            "enable_batched_operations": false,
            "enable_express": false,
            "enable_partitioning": false,
            "id": "/subscriptions/c663a3ea-de42-47f4-9854-d0f76c9389c0/resourceGroups/dcdcd7-messaging-rg/providers/Microsoft.ServiceBus/namespaces/dcdcd7sbndev/topics/sbt-visitreports",
            "max_size_in_megabytes": 5120,
            "name": "sbt-visitreports",
            "namespace_name": "dcdcd7sbndev",
            "requires_duplicate_detection": false,
            "resource_group_name": "dcdcd7-messaging-rg",
            "status": "Active",
            "support_ordering": false,
            "timeouts": null
          },
          "sensitive_attributes": [],
          "private": "eyJlMmJmYjczMC1lY2FhLTExZTYtOGY4OC0zNDM2M2JjN2M0YzAiOnsiY3JlYXRlIjoxODAwMDAwMDAwMDAwLCJkZWxldGUiOjE4MDAwMDAwMDAwMDAsInJlYWQiOjMwMDAwMDAwMDAwMCwidXBkYXRlIjoxODAwMDAwMDAwMDAwfX0=",
          "dependencies": [
            "azurerm_resource_group.messaging",
            "module.messaging.azurerm_servicebus_namespace.sbn"
          ]
        }
      ]
    },
    {
      "module": "module.messaging",
      "mode": "managed",
      "type": "azurerm_servicebus_topic_authorization_rule",
      "name": "topic_contacts_listen",
      "provider": "module.messaging.provider[\"registry.terraform.io/hashicorp/azurerm\"]",
      "instances": [
        {
          "schema_version": 0,
          "attributes": {
            "id": "/subscriptions/c663a3ea-de42-47f4-9854-d0f76c9389c0/resourceGroups/dcdcd7-messaging-rg/providers/Microsoft.ServiceBus/namespaces/dcdcd7sbndev/topics/sbt-contacts/authorizationRules/scmtopiclisten",
            "listen": true,
            "manage": false,
            "name": "scmtopiclisten",
            "namespace_name": "dcdcd7sbndev",
            "primary_connection_string": "Endpoint=sb://dcdcd7sbndev.servicebus.windows.net/;SharedAccessKeyName=scmtopiclisten;SharedAccessKey=Aw3k53uV4MhOHD1y+OBKB61sfkDAbZRJh4pjkDwcdVg=;EntityPath=sbt-contacts",
            "primary_key": "Aw3k53uV4MhOHD1y+OBKB61sfkDAbZRJh4pjkDwcdVg=",
            "resource_group_name": "dcdcd7-messaging-rg",
            "secondary_connection_string": "Endpoint=sb://dcdcd7sbndev.servicebus.windows.net/;SharedAccessKeyName=scmtopiclisten;SharedAccessKey=wOSvrWqwUoDUhr7Xko/GURq2WuiqbnsRBuUOTGiEVvk=;EntityPath=sbt-contacts",
            "secondary_key": "wOSvrWqwUoDUhr7Xko/GURq2WuiqbnsRBuUOTGiEVvk=",
            "send": false,
            "timeouts": null,
            "topic_name": "sbt-contacts"
          },
          "sensitive_attributes": [],
          "private": "eyJlMmJmYjczMC1lY2FhLTExZTYtOGY4OC0zNDM2M2JjN2M0YzAiOnsiY3JlYXRlIjoxODAwMDAwMDAwMDAwLCJkZWxldGUiOjE4MDAwMDAwMDAwMDAsInJlYWQiOjMwMDAwMDAwMDAwMCwidXBkYXRlIjoxODAwMDAwMDAwMDAwfX0=",
          "dependencies": [
            "azurerm_resource_group.messaging",
            "module.messaging.azurerm_servicebus_namespace.sbn",
            "module.messaging.azurerm_servicebus_topic.contacts"
          ]
        }
      ]
    },
    {
      "module": "module.messaging",
      "mode": "managed",
      "type": "azurerm_servicebus_topic_authorization_rule",
      "name": "topic_contacts_send",
      "provider": "module.messaging.provider[\"registry.terraform.io/hashicorp/azurerm\"]",
      "instances": [
        {
          "schema_version": 0,
          "attributes": {
            "id": "/subscriptions/c663a3ea-de42-47f4-9854-d0f76c9389c0/resourceGroups/dcdcd7-messaging-rg/providers/Microsoft.ServiceBus/namespaces/dcdcd7sbndev/topics/sbt-contacts/authorizationRules/scmtopicsend",
            "listen": false,
            "manage": false,
            "name": "scmtopicsend",
            "namespace_name": "dcdcd7sbndev",
            "primary_connection_string": "Endpoint=sb://dcdcd7sbndev.servicebus.windows.net/;SharedAccessKeyName=scmtopicsend;SharedAccessKey=1mAXVAPNx8IO4kDIjS2LWN6HNKsPjJLxhlwe3Us5CPY=;EntityPath=sbt-contacts",
            "primary_key": "1mAXVAPNx8IO4kDIjS2LWN6HNKsPjJLxhlwe3Us5CPY=",
            "resource_group_name": "dcdcd7-messaging-rg",
            "secondary_connection_string": "Endpoint=sb://dcdcd7sbndev.servicebus.windows.net/;SharedAccessKeyName=scmtopicsend;SharedAccessKey=eAGjryefAeb3d02IpPymVnDuoQYk6PCQhe3jjJlAKeg=;EntityPath=sbt-contacts",
            "secondary_key": "eAGjryefAeb3d02IpPymVnDuoQYk6PCQhe3jjJlAKeg=",
            "send": true,
            "timeouts": null,
            "topic_name": "sbt-contacts"
          },
          "sensitive_attributes": [],
          "private": "eyJlMmJmYjczMC1lY2FhLTExZTYtOGY4OC0zNDM2M2JjN2M0YzAiOnsiY3JlYXRlIjoxODAwMDAwMDAwMDAwLCJkZWxldGUiOjE4MDAwMDAwMDAwMDAsInJlYWQiOjMwMDAwMDAwMDAwMCwidXBkYXRlIjoxODAwMDAwMDAwMDAwfX0=",
          "dependencies": [
            "azurerm_resource_group.messaging",
            "module.messaging.azurerm_servicebus_namespace.sbn",
            "module.messaging.azurerm_servicebus_topic.contacts"
          ]
        }
      ]
    },
    {
      "module": "module.messaging",
      "mode": "managed",
      "type": "azurerm_servicebus_topic_authorization_rule",
      "name": "topic_visitreports_listen",
      "provider": "module.messaging.provider[\"registry.terraform.io/hashicorp/azurerm\"]",
      "instances": [
        {
          "schema_version": 0,
          "attributes": {
            "id": "/subscriptions/c663a3ea-de42-47f4-9854-d0f76c9389c0/resourceGroups/dcdcd7-messaging-rg/providers/Microsoft.ServiceBus/namespaces/dcdcd7sbndev/topics/sbt-visitreports/authorizationRules/scmvrtopiclisten",
            "listen": true,
            "manage": false,
            "name": "scmvrtopiclisten",
            "namespace_name": "dcdcd7sbndev",
            "primary_connection_string": "Endpoint=sb://dcdcd7sbndev.servicebus.windows.net/;SharedAccessKeyName=scmvrtopiclisten;SharedAccessKey=TZ8sAFDPErO2c+KWw9U935QMnGtQjgQmXmD+jrpDIpg=;EntityPath=sbt-visitreports",
            "primary_key": "TZ8sAFDPErO2c+KWw9U935QMnGtQjgQmXmD+jrpDIpg=",
            "resource_group_name": "dcdcd7-messaging-rg",
            "secondary_connection_string": "Endpoint=sb://dcdcd7sbndev.servicebus.windows.net/;SharedAccessKeyName=scmvrtopiclisten;SharedAccessKey=M9KA+Iq2Nyy2N+WI7GQJE6JV+TTz21WNXWFf55E8PgQ=;EntityPath=sbt-visitreports",
            "secondary_key": "M9KA+Iq2Nyy2N+WI7GQJE6JV+TTz21WNXWFf55E8PgQ=",
            "send": false,
            "timeouts": null,
            "topic_name": "sbt-visitreports"
          },
          "sensitive_attributes": [],
          "private": "eyJlMmJmYjczMC1lY2FhLTExZTYtOGY4OC0zNDM2M2JjN2M0YzAiOnsiY3JlYXRlIjoxODAwMDAwMDAwMDAwLCJkZWxldGUiOjE4MDAwMDAwMDAwMDAsInJlYWQiOjMwMDAwMDAwMDAwMCwidXBkYXRlIjoxODAwMDAwMDAwMDAwfX0=",
          "dependencies": [
            "azurerm_resource_group.messaging",
            "module.messaging.azurerm_servicebus_namespace.sbn",
            "module.messaging.azurerm_servicebus_topic.visitreports"
          ]
        }
      ]
    },
    {
      "module": "module.messaging",
      "mode": "managed",
      "type": "azurerm_servicebus_topic_authorization_rule",
      "name": "topic_visitreports_send",
      "provider": "module.messaging.provider[\"registry.terraform.io/hashicorp/azurerm\"]",
      "instances": [
        {
          "schema_version": 0,
          "attributes": {
            "id": "/subscriptions/c663a3ea-de42-47f4-9854-d0f76c9389c0/resourceGroups/dcdcd7-messaging-rg/providers/Microsoft.ServiceBus/namespaces/dcdcd7sbndev/topics/sbt-visitreports/authorizationRules/scmvrtopicsend",
            "listen": false,
            "manage": false,
            "name": "scmvrtopicsend",
            "namespace_name": "dcdcd7sbndev",
            "primary_connection_string": "Endpoint=sb://dcdcd7sbndev.servicebus.windows.net/;SharedAccessKeyName=scmvrtopicsend;SharedAccessKey=scMMPAsBzr6W3lT18WNdW0gkBcnb8OvYOiWATBvh3vk=;EntityPath=sbt-visitreports",
            "primary_key": "scMMPAsBzr6W3lT18WNdW0gkBcnb8OvYOiWATBvh3vk=",
            "resource_group_name": "dcdcd7-messaging-rg",
            "secondary_connection_string": "Endpoint=sb://dcdcd7sbndev.servicebus.windows.net/;SharedAccessKeyName=scmvrtopicsend;SharedAccessKey=ad9Q8hLM4acLQKfPeOYtwTZYhhIfGaBw29L451ajMNI=;EntityPath=sbt-visitreports",
            "secondary_key": "ad9Q8hLM4acLQKfPeOYtwTZYhhIfGaBw29L451ajMNI=",
            "send": true,
            "timeouts": null,
            "topic_name": "sbt-visitreports"
          },
          "sensitive_attributes": [],
          "private": "eyJlMmJmYjczMC1lY2FhLTExZTYtOGY4OC0zNDM2M2JjN2M0YzAiOnsiY3JlYXRlIjoxODAwMDAwMDAwMDAwLCJkZWxldGUiOjE4MDAwMDAwMDAwMDAsInJlYWQiOjMwMDAwMDAwMDAwMCwidXBkYXRlIjoxODAwMDAwMDAwMDAwfX0=",
          "dependencies": [
            "azurerm_resource_group.messaging",
            "module.messaging.azurerm_servicebus_namespace.sbn",
            "module.messaging.azurerm_servicebus_topic.visitreports"
          ]
        }
      ]
    },
    {
      "module": "module.storage",
      "mode": "managed",
      "type": "azurerm_storage_account",
      "name": "functions",
      "provider": "module.storage.provider[\"registry.terraform.io/hashicorp/azurerm\"]",
      "instances": [
        {
          "schema_version": 2,
          "attributes": {
            "access_tier": "Hot",
            "account_kind": "StorageV2",
            "account_replication_type": "LRS",
            "account_tier": "Standard",
            "allow_blob_public_access": false,
            "blob_properties": [],
            "custom_domain": [],
            "enable_https_traffic_only": true,
            "id": "/subscriptions/c663a3ea-de42-47f4-9854-d0f76c9389c0/resourceGroups/dcdcd7-storage-rg/providers/Microsoft.Storage/storageAccounts/dcdcd7funcsdev",
            "identity": [],
            "is_hns_enabled": false,
            "large_file_share_enabled": null,
            "location": "westeurope",
            "min_tls_version": "TLS1_0",
            "name": "dcdcd7funcsdev",
            "network_rules": [
              {
                "bypass": [
                  "AzureServices"
                ],
                "default_action": "Allow",
                "ip_rules": [],
                "virtual_network_subnet_ids": []
              }
            ],
            "primary_access_key": "3dCVV+2OPnYmoDlhXfJ29sJmltMI+kYF+zRR00k6WzxG25D/2egLAu8CRpUA69nJ1DGEUzRj1gKPmJppWY9ERA==",
            "primary_blob_connection_string": "DefaultEndpointsProtocol=https;BlobEndpoint=https://dcdcd7funcsdev.blob.core.windows.net/;AccountName=dcdcd7funcsdev;AccountKey=3dCVV+2OPnYmoDlhXfJ29sJmltMI+kYF+zRR00k6WzxG25D/2egLAu8CRpUA69nJ1DGEUzRj1gKPmJppWY9ERA==",
            "primary_blob_endpoint": "https://dcdcd7funcsdev.blob.core.windows.net/",
            "primary_blob_host": "dcdcd7funcsdev.blob.core.windows.net",
            "primary_connection_string": "DefaultEndpointsProtocol=https;AccountName=dcdcd7funcsdev;AccountKey=3dCVV+2OPnYmoDlhXfJ29sJmltMI+kYF+zRR00k6WzxG25D/2egLAu8CRpUA69nJ1DGEUzRj1gKPmJppWY9ERA==;EndpointSuffix=core.windows.net",
            "primary_dfs_endpoint": "https://dcdcd7funcsdev.dfs.core.windows.net/",
            "primary_dfs_host": "dcdcd7funcsdev.dfs.core.windows.net",
            "primary_file_endpoint": "https://dcdcd7funcsdev.file.core.windows.net/",
            "primary_file_host": "dcdcd7funcsdev.file.core.windows.net",
            "primary_location": "westeurope",
            "primary_queue_endpoint": "https://dcdcd7funcsdev.queue.core.windows.net/",
            "primary_queue_host": "dcdcd7funcsdev.queue.core.windows.net",
            "primary_table_endpoint": "https://dcdcd7funcsdev.table.core.windows.net/",
            "primary_table_host": "dcdcd7funcsdev.table.core.windows.net",
            "primary_web_endpoint": "https://dcdcd7funcsdev.z6.web.core.windows.net/",
            "primary_web_host": "dcdcd7funcsdev.z6.web.core.windows.net",
            "queue_properties": [
              {
                "cors_rule": [],
                "hour_metrics": [
                  {
                    "enabled": true,
                    "include_apis": true,
                    "retention_policy_days": 7,
                    "version": "1.0"
                  }
                ],
                "logging": [
                  {
                    "delete": false,
                    "read": false,
                    "retention_policy_days": 0,
                    "version": "1.0",
                    "write": false
                  }
                ],
                "minute_metrics": [
                  {
                    "enabled": false,
                    "include_apis": false,
                    "retention_policy_days": 0,
                    "version": "1.0"
                  }
                ]
              }
            ],
            "resource_group_name": "dcdcd7-storage-rg",
            "secondary_access_key": "xv+8tYESKXsrQVvt3YEExMms3r9Mq4EA2383AAD7GBAnQ9fp2ku1X32jsE6k7kJRrPG2RScanHI3/YRiW3KVEA==",
            "secondary_blob_connection_string": "",
            "secondary_blob_endpoint": null,
            "secondary_blob_host": null,
            "secondary_connection_string": "DefaultEndpointsProtocol=https;AccountName=dcdcd7funcsdev;AccountKey=xv+8tYESKXsrQVvt3YEExMms3r9Mq4EA2383AAD7GBAnQ9fp2ku1X32jsE6k7kJRrPG2RScanHI3/YRiW3KVEA==;EndpointSuffix=core.windows.net",
            "secondary_dfs_endpoint": null,
            "secondary_dfs_host": null,
            "secondary_file_endpoint": null,
            "secondary_file_host": null,
            "secondary_location": "",
            "secondary_queue_endpoint": null,
            "secondary_queue_host": null,
            "secondary_table_endpoint": null,
            "secondary_table_host": null,
            "secondary_web_endpoint": null,
            "secondary_web_host": null,
            "static_website": [],
            "tags": {
              "environment": "dev",
              "source": "AzureDevCollege"
            },
            "timeouts": null
          },
          "sensitive_attributes": [],
          "private": "eyJlMmJmYjczMC1lY2FhLTExZTYtOGY4OC0zNDM2M2JjN2M0YzAiOnsiY3JlYXRlIjozNjAwMDAwMDAwMDAwLCJkZWxldGUiOjM2MDAwMDAwMDAwMDAsInJlYWQiOjMwMDAwMDAwMDAwMCwidXBkYXRlIjozNjAwMDAwMDAwMDAwfSwic2NoZW1hX3ZlcnNpb24iOiIyIn0=",
          "dependencies": [
            "azurerm_resource_group.storage"
          ]
        }
      ]
    },
    {
      "module": "module.storage",
      "mode": "managed",
      "type": "azurerm_storage_account",
      "name": "resources",
      "provider": "module.storage.provider[\"registry.terraform.io/hashicorp/azurerm\"]",
      "instances": [
        {
          "schema_version": 2,
          "attributes": {
            "access_tier": "Hot",
            "account_kind": "StorageV2",
            "account_replication_type": "LRS",
            "account_tier": "Standard",
            "allow_blob_public_access": false,
            "blob_properties": [],
            "custom_domain": [],
            "enable_https_traffic_only": true,
            "id": "/subscriptions/c663a3ea-de42-47f4-9854-d0f76c9389c0/resourceGroups/dcdcd7-storage-rg/providers/Microsoft.Storage/storageAccounts/dcdcd7resourcesdev",
            "identity": [],
            "is_hns_enabled": false,
            "large_file_share_enabled": null,
            "location": "westeurope",
            "min_tls_version": "TLS1_0",
            "name": "dcdcd7resourcesdev",
            "network_rules": [
              {
                "bypass": [
                  "AzureServices"
                ],
                "default_action": "Allow",
                "ip_rules": [],
                "virtual_network_subnet_ids": []
              }
            ],
            "primary_access_key": "uTxp4+NNmNJ0p36U7/I6sOA61ygp4Idoysd6imkUaY3MDnlfqutlmexLLv5DtSvMt0wzQ0I9QUB3zdS6EVlp3w==",
            "primary_blob_connection_string": "DefaultEndpointsProtocol=https;BlobEndpoint=https://dcdcd7resourcesdev.blob.core.windows.net/;AccountName=dcdcd7resourcesdev;AccountKey=uTxp4+NNmNJ0p36U7/I6sOA61ygp4Idoysd6imkUaY3MDnlfqutlmexLLv5DtSvMt0wzQ0I9QUB3zdS6EVlp3w==",
            "primary_blob_endpoint": "https://dcdcd7resourcesdev.blob.core.windows.net/",
            "primary_blob_host": "dcdcd7resourcesdev.blob.core.windows.net",
            "primary_connection_string": "DefaultEndpointsProtocol=https;AccountName=dcdcd7resourcesdev;AccountKey=uTxp4+NNmNJ0p36U7/I6sOA61ygp4Idoysd6imkUaY3MDnlfqutlmexLLv5DtSvMt0wzQ0I9QUB3zdS6EVlp3w==;EndpointSuffix=core.windows.net",
            "primary_dfs_endpoint": "https://dcdcd7resourcesdev.dfs.core.windows.net/",
            "primary_dfs_host": "dcdcd7resourcesdev.dfs.core.windows.net",
            "primary_file_endpoint": "https://dcdcd7resourcesdev.file.core.windows.net/",
            "primary_file_host": "dcdcd7resourcesdev.file.core.windows.net",
            "primary_location": "westeurope",
            "primary_queue_endpoint": "https://dcdcd7resourcesdev.queue.core.windows.net/",
            "primary_queue_host": "dcdcd7resourcesdev.queue.core.windows.net",
            "primary_table_endpoint": "https://dcdcd7resourcesdev.table.core.windows.net/",
            "primary_table_host": "dcdcd7resourcesdev.table.core.windows.net",
            "primary_web_endpoint": "https://dcdcd7resourcesdev.z6.web.core.windows.net/",
            "primary_web_host": "dcdcd7resourcesdev.z6.web.core.windows.net",
            "queue_properties": [
              {
                "cors_rule": [],
                "hour_metrics": [
                  {
                    "enabled": true,
                    "include_apis": true,
                    "retention_policy_days": 7,
                    "version": "1.0"
                  }
                ],
                "logging": [
                  {
                    "delete": false,
                    "read": false,
                    "retention_policy_days": 0,
                    "version": "1.0",
                    "write": false
                  }
                ],
                "minute_metrics": [
                  {
                    "enabled": false,
                    "include_apis": false,
                    "retention_policy_days": 0,
                    "version": "1.0"
                  }
                ]
              }
            ],
            "resource_group_name": "dcdcd7-storage-rg",
            "secondary_access_key": "t+9vr0ODJk//GUOFymd0mRgWEMlZ0+Hy3NWQwdJlWctVGY+YAc+9nzoijr3aI3mIhf+GmTkv6bGqFMRl+xpl3A==",
            "secondary_blob_connection_string": "",
            "secondary_blob_endpoint": null,
            "secondary_blob_host": null,
            "secondary_connection_string": "DefaultEndpointsProtocol=https;AccountName=dcdcd7resourcesdev;AccountKey=t+9vr0ODJk//GUOFymd0mRgWEMlZ0+Hy3NWQwdJlWctVGY+YAc+9nzoijr3aI3mIhf+GmTkv6bGqFMRl+xpl3A==;EndpointSuffix=core.windows.net",
            "secondary_dfs_endpoint": null,
            "secondary_dfs_host": null,
            "secondary_file_endpoint": null,
            "secondary_file_host": null,
            "secondary_location": "",
            "secondary_queue_endpoint": null,
            "secondary_queue_host": null,
            "secondary_table_endpoint": null,
            "secondary_table_host": null,
            "secondary_web_endpoint": null,
            "secondary_web_host": null,
            "static_website": [],
            "tags": {
              "environment": "dev",
              "source": "AzureDevCollege"
            },
            "timeouts": null
          },
          "sensitive_attributes": [],
          "private": "eyJlMmJmYjczMC1lY2FhLTExZTYtOGY4OC0zNDM2M2JjN2M0YzAiOnsiY3JlYXRlIjozNjAwMDAwMDAwMDAwLCJkZWxldGUiOjM2MDAwMDAwMDAwMDAsInJlYWQiOjMwMDAwMDAwMDAwMCwidXBkYXRlIjozNjAwMDAwMDAwMDAwfSwic2NoZW1hX3ZlcnNpb24iOiIyIn0=",
          "dependencies": [
            "azurerm_resource_group.storage"
          ]
        }
      ]
    }
  ]
}
